{
  "name": "miniprogram-1",
  "version": "1.0.0",
  "lockfileVersion": 1,
  "requires": true,
  "dependencies": {
    "lin-ui": {
      "version": "0.6.13",
      "resolved": "https://registry.npm.taobao.org/lin-ui/download/lin-ui-0.6.13.tgz",
      "integrity": "sha1-+S9AfWAGe1YQVT7r8ZCh++Vs+ns="
    }
  }
}
